
Microsoft Visual Studio Solution File, Format Version 12.00
# Visual Studio Version 16
VisualStudioVersion = 16.0.32228.343
MinimumVisualStudioVersion = 10.0.40219.1
Project("{FAE04EC0-301F-11D3-BF4B-00C04F79EFBC}") = "CW Inventory system", "CW Inventory system\CW Inventory system.csproj", "{634A40A5-BD17-496B-B134-1B5EE4770F70}"
EndProject
Global
	GlobalSection(SolutionConfigurationPlatforms) = preSolution
		Debug|Any CPU = Debug|Any CPU
		Release|Any CPU = Release|Any CPU
	EndGlobalSection
	GlobalSection(ProjectConfigurationPlatforms) = postSolution
		{634A40A5-BD17-496B-B134-1B5EE4770F70}.Debug|Any CPU.ActiveCfg = Debug|Any CPU
		{634A40A5-BD17-496B-B134-1B5EE4770F70}.Debug|Any CPU.Build.0 = Debug|Any CPU
		{634A40A5-BD17-496B-B134-1B5EE4770F70}.Release|Any CPU.ActiveCfg = Release|Any CPU
		{634A40A5-BD17-496B-B134-1B5EE4770F70}.Release|Any CPU.Build.0 = Release|Any CPU
	EndGlobalSection
	GlobalSection(SolutionProperties) = preSolution
		HideSolutionNode = FALSE
	EndGlobalSection
	GlobalSection(ExtensibilityGlobals) = postSolution
		SolutionGuid = {89A5851C-0F32-453D-9ED0-760104D54A06}
	EndGlobalSection
EndGlobal
